
Microsoft Visual Studio Solution File, Format Version 12.00
# Visual Studio 15
VisualStudioVersion = 15.0.27130.2003
MinimumVisualStudioVersion = 10.0.40219.1
Project("{FAE04EC0-301F-11D3-BF4B-00C04F79EFBC}") = "Pruefung", "Pruefung.csproj", "{5DA10F38-CB56-5F74-4C9D-CE64DB0A5847}"
EndProject
Global
	GlobalSection(SolutionConfigurationPlatforms) = preSolution
		Debug|Any CPU = Debug|Any CPU
		Release|Any CPU = Release|Any CPU
	EndGlobalSection
	GlobalSection(ProjectConfigurationPlatforms) = postSolution
		{5DA10F38-CB56-5F74-4C9D-CE64DB0A5847}.Debug|Any CPU.ActiveCfg = Debug|Any CPU
		{5DA10F38-CB56-5F74-4C9D-CE64DB0A5847}.Debug|Any CPU.Build.0 = Debug|Any CPU
		{5DA10F38-CB56-5F74-4C9D-CE64DB0A5847}.Release|Any CPU.ActiveCfg = Release|Any CPU
		{5DA10F38-CB56-5F74-4C9D-CE64DB0A5847}.Release|Any CPU.Build.0 = Release|Any CPU
	EndGlobalSection
	GlobalSection(SolutionProperties) = preSolution
		HideSolutionNode = FALSE
	EndGlobalSection
	GlobalSection(ExtensibilityGlobals) = postSolution
		SolutionGuid = {8521C929-222D-4043-AD2F-E3B520E4038B}
	EndGlobalSection
EndGlobal
