
Microsoft Visual Studio Solution File, Format Version 12.00
# Visual Studio 15
Project("{FAE04EC0-301F-11D3-BF4B-00C04F79EFBC}") = "Pruefung", "Assembly-CSharp.csproj", "{8FCE8A1C-C73D-504F-E398-756DDD569882}"
EndProject
Global
	GlobalSection(SolutionConfigurationPlatforms) = preSolution
		Debug|Any CPU = Debug|Any CPU
		Release|Any CPU = Release|Any CPU
	EndGlobalSection
	GlobalSection(ProjectConfigurationPlatforms) = postSolution
		{8FCE8A1C-C73D-504F-E398-756DDD569882}.Debug|Any CPU.ActiveCfg = Debug|Any CPU
		{8FCE8A1C-C73D-504F-E398-756DDD569882}.Debug|Any CPU.Build.0 = Debug|Any CPU
		{8FCE8A1C-C73D-504F-E398-756DDD569882}.Release|Any CPU.ActiveCfg = Release|Any CPU
		{8FCE8A1C-C73D-504F-E398-756DDD569882}.Release|Any CPU.Build.0 = Release|Any CPU
	EndGlobalSection
	GlobalSection(SolutionProperties) = preSolution
		HideSolutionNode = FALSE
	EndGlobalSection
EndGlobal
